
Microsoft Visual Studio Solution File, Format Version 12.00
# Visual Studio Version 17
VisualStudioVersion = 17.9.34607.119
MinimumVisualStudioVersion = 10.0.40219.1
Project("{FAE04EC0-301F-11D3-BF4B-00C04F79EFBC}") = "PetStoreInventory", "PetStoreInventory\PetStoreInventory.csproj", "{60BD4608-41FD-4980-BEC0-360EBB0008BC}"
EndProject
Project("{FAE04EC0-301F-11D3-BF4B-00C04F79EFBC}") = "PetStoreInventoryTest", "PetStoreInventoryTest\PetStoreInventoryTest.csproj", "{A9E12D12-A3A9-4CE7-A9A5-0F5B508A3444}"
EndProject
Project("{FAE04EC0-301F-11D3-BF4B-00C04F79EFBC}") = "PetStore.Data", "PetStore.Data\PetStore.Data.csproj", "{BAC15490-BC5D-4CEA-A06F-16B7832FD4A1}"
EndProject
Global
	GlobalSection(SolutionConfigurationPlatforms) = preSolution
		Debug|Any CPU = Debug|Any CPU
		Release|Any CPU = Release|Any CPU
	EndGlobalSection
	GlobalSection(ProjectConfigurationPlatforms) = postSolution
		{60BD4608-41FD-4980-BEC0-360EBB0008BC}.Debug|Any CPU.ActiveCfg = Debug|Any CPU
		{60BD4608-41FD-4980-BEC0-360EBB0008BC}.Debug|Any CPU.Build.0 = Debug|Any CPU
		{60BD4608-41FD-4980-BEC0-360EBB0008BC}.Release|Any CPU.ActiveCfg = Release|Any CPU
		{60BD4608-41FD-4980-BEC0-360EBB0008BC}.Release|Any CPU.Build.0 = Release|Any CPU
		{A9E12D12-A3A9-4CE7-A9A5-0F5B508A3444}.Debug|Any CPU.ActiveCfg = Debug|Any CPU
		{A9E12D12-A3A9-4CE7-A9A5-0F5B508A3444}.Debug|Any CPU.Build.0 = Debug|Any CPU
		{A9E12D12-A3A9-4CE7-A9A5-0F5B508A3444}.Release|Any CPU.ActiveCfg = Release|Any CPU
		{A9E12D12-A3A9-4CE7-A9A5-0F5B508A3444}.Release|Any CPU.Build.0 = Release|Any CPU
		{BAC15490-BC5D-4CEA-A06F-16B7832FD4A1}.Debug|Any CPU.ActiveCfg = Debug|Any CPU
		{BAC15490-BC5D-4CEA-A06F-16B7832FD4A1}.Debug|Any CPU.Build.0 = Debug|Any CPU
		{BAC15490-BC5D-4CEA-A06F-16B7832FD4A1}.Release|Any CPU.ActiveCfg = Release|Any CPU
		{BAC15490-BC5D-4CEA-A06F-16B7832FD4A1}.Release|Any CPU.Build.0 = Release|Any CPU
	EndGlobalSection
	GlobalSection(SolutionProperties) = preSolution
		HideSolutionNode = FALSE
	EndGlobalSection
	GlobalSection(ExtensibilityGlobals) = postSolution
		SolutionGuid = {A5951DD4-921B-4BC2-83E7-4AD41F2AEDBA}
	EndGlobalSection
EndGlobal
